// !$*UTF8*$!
{
	archiveVersion = 1;
	classes = {
	};
	objectVersion = 77;
	objects = {

/* Begin PBXBuildFile section */
		C6BC73622CE33BFD0055DB70 /* Preview Assets.xcassets in Resources */ = {isa = PBXBuildFile; fileRef = C6BC735B2CE33BFD0055DB70 /* Preview Assets.xcassets */; };
		C6BC73632CE33BFD0055DB70 /* Assets.xcassets in Resources */ = {isa = PBXBuildFile; fileRef = C6BC735D2CE33BFD0055DB70 /* Assets.xcassets */; };
		C6BC73642CE33BFD0055DB70 /* PlaylistView.swift in Sources */ = {isa = PBXBuildFile; fileRef = C6BC735E2CE33BFD0055DB70 /* PlaylistView.swift */; };
		C6BC73652CE33BFD0055DB70 /* StepCountPlaylistsApp.swift in Sources */ = {isa = PBXBuildFile; fileRef = C6BC73602CE33BFD0055DB70 /* StepCountPlaylistsApp.swift */; };
		C6BC73692CE33C310055DB70 /* PlaylistViewModel.swift in Sources */ = {isa = PBXBuildFile; fileRef = C6BC73682CE33C310055DB70 /* PlaylistViewModel.swift */; };
		C6BC736B2CE33F330055DB70 /* Errors.swift in Sources */ = {isa = PBXBuildFile; fileRef = C6BC736A2CE33F330055DB70 /* Errors.swift */; };
		C6BC736D2CE343090055DB70 /* HKStepsLoading.swift in Sources */ = {isa = PBXBuildFile; fileRef = C6BC736C2CE343090055DB70 /* HKStepsLoading.swift */; };
		C6BC73752CE346900055DB70 /* ViewModelProvider.swift in Sources */ = {isa = PBXBuildFile; fileRef = C6BC73742CE346900055DB70 /* ViewModelProvider.swift */; };
		C6BC73992CE368860055DB70 /* Date.swift in Sources */ = {isa = PBXBuildFile; fileRef = C6BC73982CE368860055DB70 /* Date.swift */; };
		C6BC739E2CE3753E0055DB70 /* AudioTrack.swift in Sources */ = {isa = PBXBuildFile; fileRef = C6BC739D2CE3753E0055DB70 /* AudioTrack.swift */; };
		C6BC73A62CE3B8850055DB70 /* RootViewModel.swift in Sources */ = {isa = PBXBuildFile; fileRef = C6BC73A52CE3B8850055DB70 /* RootViewModel.swift */; };
		C6BC73A82CE3B88D0055DB70 /* RootView.swift in Sources */ = {isa = PBXBuildFile; fileRef = C6BC73A72CE3B88D0055DB70 /* RootView.swift */; };
		C6BC73AA2CE3C3D70055DB70 /* HKAuthorizing.swift in Sources */ = {isa = PBXBuildFile; fileRef = C6BC73A92CE3C3D70055DB70 /* HKAuthorizing.swift */; };
		C6BC73AD2CE4C85E0055DB70 /* ActivityManager.swift in Sources */ = {isa = PBXBuildFile; fileRef = C6BC73AC2CE4C85E0055DB70 /* ActivityManager.swift */; };
		C6BC73AF2CE4C8920055DB70 /* HealthKitManager.swift in Sources */ = {isa = PBXBuildFile; fileRef = C6BC73AE2CE4C8920055DB70 /* HealthKitManager.swift */; };
		C6BC73B12CE4D4390055DB70 /* Array.swift in Sources */ = {isa = PBXBuildFile; fileRef = C6BC73B02CE4D4390055DB70 /* Array.swift */; };
/* End PBXBuildFile section */

/* Begin PBXFileReference section */
		C6BC73402CE32DB50055DB70 /* StepCountPlaylists.app */ = {isa = PBXFileReference; explicitFileType = wrapper.application; includeInIndex = 0; path = StepCountPlaylists.app; sourceTree = BUILT_PRODUCTS_DIR; };
		C6BC735B2CE33BFD0055DB70 /* Preview Assets.xcassets */ = {isa = PBXFileReference; lastKnownFileType = folder.assetcatalog; path = "Preview Assets.xcassets"; sourceTree = "<group>"; };
		C6BC735D2CE33BFD0055DB70 /* Assets.xcassets */ = {isa = PBXFileReference; lastKnownFileType = folder.assetcatalog; path = Assets.xcassets; sourceTree = "<group>"; };
		C6BC735E2CE33BFD0055DB70 /* PlaylistView.swift */ = {isa = PBXFileReference; lastKnownFileType = sourcecode.swift; path = PlaylistView.swift; sourceTree = "<group>"; };
		C6BC735F2CE33BFD0055DB70 /* StepCountPlaylists.entitlements */ = {isa = PBXFileReference; lastKnownFileType = text.plist.entitlements; path = StepCountPlaylists.entitlements; sourceTree = "<group>"; };
		C6BC73602CE33BFD0055DB70 /* StepCountPlaylistsApp.swift */ = {isa = PBXFileReference; lastKnownFileType = sourcecode.swift; path = StepCountPlaylistsApp.swift; sourceTree = "<group>"; };
		C6BC73682CE33C310055DB70 /* PlaylistViewModel.swift */ = {isa = PBXFileReference; lastKnownFileType = sourcecode.swift; path = PlaylistViewModel.swift; sourceTree = "<group>"; };
		C6BC736A2CE33F330055DB70 /* Errors.swift */ = {isa = PBXFileReference; lastKnownFileType = sourcecode.swift; path = Errors.swift; sourceTree = "<group>"; };
		C6BC736C2CE343090055DB70 /* HKStepsLoading.swift */ = {isa = PBXFileReference; lastKnownFileType = sourcecode.swift; path = HKStepsLoading.swift; sourceTree = "<group>"; };
		C6BC73742CE346900055DB70 /* ViewModelProvider.swift */ = {isa = PBXFileReference; lastKnownFileType = sourcecode.swift; path = ViewModelProvider.swift; sourceTree = "<group>"; };
		C6BC73982CE368860055DB70 /* Date.swift */ = {isa = PBXFileReference; lastKnownFileType = sourcecode.swift; path = Date.swift; sourceTree = "<group>"; };
		C6BC739D2CE3753E0055DB70 /* AudioTrack.swift */ = {isa = PBXFileReference; lastKnownFileType = sourcecode.swift; path = AudioTrack.swift; sourceTree = "<group>"; };
		C6BC73A52CE3B8850055DB70 /* RootViewModel.swift */ = {isa = PBXFileReference; lastKnownFileType = sourcecode.swift; path = RootViewModel.swift; sourceTree = "<group>"; };
		C6BC73A72CE3B88D0055DB70 /* RootView.swift */ = {isa = PBXFileReference; lastKnownFileType = sourcecode.swift; path = RootView.swift; sourceTree = "<group>"; };
		C6BC73A92CE3C3D70055DB70 /* HKAuthorizing.swift */ = {isa = PBXFileReference; lastKnownFileType = sourcecode.swift; path = HKAuthorizing.swift; sourceTree = "<group>"; };
		C6BC73AC2CE4C85E0055DB70 /* ActivityManager.swift */ = {isa = PBXFileReference; lastKnownFileType = sourcecode.swift; path = ActivityManager.swift; sourceTree = "<group>"; };
		C6BC73AE2CE4C8920055DB70 /* HealthKitManager.swift */ = {isa = PBXFileReference; lastKnownFileType = sourcecode.swift; path = HealthKitManager.swift; sourceTree = "<group>"; };
		C6BC73B02CE4D4390055DB70 /* Array.swift */ = {isa = PBXFileReference; lastKnownFileType = sourcecode.swift; path = Array.swift; sourceTree = "<group>"; };
/* End PBXFileReference section */

/* Begin PBXFrameworksBuildPhase section */
		C6BC733D2CE32DB50055DB70 /* Frameworks */ = {
			isa = PBXFrameworksBuildPhase;
			buildActionMask = 2147483647;
			files = (
			);
			runOnlyForDeploymentPostprocessing = 0;
		};
/* End PBXFrameworksBuildPhase section */

/* Begin PBXGroup section */
		C6BC73372CE32DB50055DB70 = {
			isa = PBXGroup;
			children = (
				C6BC73612CE33BFD0055DB70 /* StepCountPlaylists */,
				C6BC73412CE32DB50055DB70 /* Products */,
			);
			sourceTree = "<group>";
		};
		C6BC73412CE32DB50055DB70 /* Products */ = {
			isa = PBXGroup;
			children = (
				C6BC73402CE32DB50055DB70 /* StepCountPlaylists.app */,
			);
			name = Products;
			sourceTree = "<group>";
		};
		C6BC735C2CE33BFD0055DB70 /* Preview Content */ = {
			isa = PBXGroup;
			children = (
				C6BC735B2CE33BFD0055DB70 /* Preview Assets.xcassets */,
			);
			path = "Preview Content";
			sourceTree = "<group>";
		};
		C6BC73612CE33BFD0055DB70 /* StepCountPlaylists */ = {
			isa = PBXGroup;
			children = (
				C6BC73602CE33BFD0055DB70 /* StepCountPlaylistsApp.swift */,
				C6BC73AB2CE4C8490055DB70 /* Utilities */,
				C6BC739C2CE375330055DB70 /* Models */,
				C6BC73972CE3687C0055DB70 /* Extensions */,
				C6BC73732CE346770055DB70 /* Architecture */,
				C6BC736E2CE345BD0055DB70 /* Protocols */,
				C6BC73712CE345F50055DB70 /* Modules */,
				C6BC73722CE346130055DB70 /* Resources */,
				C6BC736A2CE33F330055DB70 /* Errors.swift */,
				C6BC735F2CE33BFD0055DB70 /* StepCountPlaylists.entitlements */,
			);
			path = StepCountPlaylists;
			sourceTree = "<group>";
		};
		C6BC73662CE33C030055DB70 /* Playlists */ = {
			isa = PBXGroup;
			children = (
				C6BC735E2CE33BFD0055DB70 /* PlaylistView.swift */,
				C6BC73682CE33C310055DB70 /* PlaylistViewModel.swift */,
			);
			path = Playlists;
			sourceTree = "<group>";
		};
		C6BC736E2CE345BD0055DB70 /* Protocols */ = {
			isa = PBXGroup;
			children = (
				C6BC736C2CE343090055DB70 /* HKStepsLoading.swift */,
				C6BC73A92CE3C3D70055DB70 /* HKAuthorizing.swift */,
			);
			path = Protocols;
			sourceTree = "<group>";
		};
		C6BC73712CE345F50055DB70 /* Modules */ = {
			isa = PBXGroup;
			children = (
				C6BC73A42CE3B86D0055DB70 /* Root */,
				C6BC73662CE33C030055DB70 /* Playlists */,
			);
			path = Modules;
			sourceTree = "<group>";
		};
		C6BC73722CE346130055DB70 /* Resources */ = {
			isa = PBXGroup;
			children = (
				C6BC735C2CE33BFD0055DB70 /* Preview Content */,
				C6BC735D2CE33BFD0055DB70 /* Assets.xcassets */,
			);
			path = Resources;
			sourceTree = "<group>";
		};
		C6BC73732CE346770055DB70 /* Architecture */ = {
			isa = PBXGroup;
			children = (
				C6BC73742CE346900055DB70 /* ViewModelProvider.swift */,
			);
			path = Architecture;
			sourceTree = "<group>";
		};
		C6BC73972CE3687C0055DB70 /* Extensions */ = {
			isa = PBXGroup;
			children = (
				C6BC73982CE368860055DB70 /* Date.swift */,
				C6BC73B02CE4D4390055DB70 /* Array.swift */,
			);
			path = Extensions;
			sourceTree = "<group>";
		};
		C6BC739C2CE375330055DB70 /* Models */ = {
			isa = PBXGroup;
			children = (
				C6BC739D2CE3753E0055DB70 /* AudioTrack.swift */,
			);
			path = Models;
			sourceTree = "<group>";
		};
		C6BC73A42CE3B86D0055DB70 /* Root */ = {
			isa = PBXGroup;
			children = (
				C6BC73A52CE3B8850055DB70 /* RootViewModel.swift */,
				C6BC73A72CE3B88D0055DB70 /* RootView.swift */,
			);
			path = Root;
			sourceTree = "<group>";
		};
		C6BC73AB2CE4C8490055DB70 /* Utilities */ = {
			isa = PBXGroup;
			children = (
				C6BC73AC2CE4C85E0055DB70 /* ActivityManager.swift */,
				C6BC73AE2CE4C8920055DB70 /* HealthKitManager.swift */,
			);
			path = Utilities;
			sourceTree = "<group>";
		};
/* End PBXGroup section */

/* Begin PBXNativeTarget section */
		C6BC733F2CE32DB50055DB70 /* StepCountPlaylists */ = {
			isa = PBXNativeTarget;
			buildConfigurationList = C6BC734E2CE32DB80055DB70 /* Build configuration list for PBXNativeTarget "StepCountPlaylists" */;
			buildPhases = (
				C6BC733C2CE32DB50055DB70 /* Sources */,
				C6BC733D2CE32DB50055DB70 /* Frameworks */,
				C6BC733E2CE32DB50055DB70 /* Resources */,
			);
			buildRules = (
			);
			dependencies = (
			);
			name = StepCountPlaylists;
			packageProductDependencies = (
			);
			productName = StepCountPlaylists;
			productReference = C6BC73402CE32DB50055DB70 /* StepCountPlaylists.app */;
			productType = "com.apple.product-type.application";
		};
/* End PBXNativeTarget section */

/* Begin PBXProject section */
		C6BC73382CE32DB50055DB70 /* Project object */ = {
			isa = PBXProject;
			attributes = {
				BuildIndependentTargetsInParallel = 1;
				LastSwiftUpdateCheck = 1600;
				LastUpgradeCheck = 1600;
				TargetAttributes = {
					C6BC733F2CE32DB50055DB70 = {
						CreatedOnToolsVersion = 16.0;
					};
				};
			};
			buildConfigurationList = C6BC733B2CE32DB50055DB70 /* Build configuration list for PBXProject "StepCountPlaylists" */;
			developmentRegion = en;
			hasScannedForEncodings = 0;
			knownRegions = (
				en,
				Base,
			);
			mainGroup = C6BC73372CE32DB50055DB70;
			minimizedProjectReferenceProxies = 1;
			preferredProjectObjectVersion = 77;
			productRefGroup = C6BC73412CE32DB50055DB70 /* Products */;
			projectDirPath = "";
			projectRoot = "";
			targets = (
				C6BC733F2CE32DB50055DB70 /* StepCountPlaylists */,
			);
		};
/* End PBXProject section */

/* Begin PBXResourcesBuildPhase section */
		C6BC733E2CE32DB50055DB70 /* Resources */ = {
			isa = PBXResourcesBuildPhase;
			buildActionMask = 2147483647;
			files = (
				C6BC73622CE33BFD0055DB70 /* Preview Assets.xcassets in Resources */,
				C6BC73632CE33BFD0055DB70 /* Assets.xcassets in Resources */,
			);
			runOnlyForDeploymentPostprocessing = 0;
		};
/* End PBXResourcesBuildPhase section */

/* Begin PBXSourcesBuildPhase section */
		C6BC733C2CE32DB50055DB70 /* Sources */ = {
			isa = PBXSourcesBuildPhase;
			buildActionMask = 2147483647;
			files = (
				C6BC736B2CE33F330055DB70 /* Errors.swift in Sources */,
				C6BC73752CE346900055DB70 /* ViewModelProvider.swift in Sources */,
				C6BC73AD2CE4C85E0055DB70 /* ActivityManager.swift in Sources */,
				C6BC73992CE368860055DB70 /* Date.swift in Sources */,
				C6BC739E2CE3753E0055DB70 /* AudioTrack.swift in Sources */,
				C6BC73A82CE3B88D0055DB70 /* RootView.swift in Sources */,
				C6BC736D2CE343090055DB70 /* HKStepsLoading.swift in Sources */,
				C6BC73642CE33BFD0055DB70 /* PlaylistView.swift in Sources */,
				C6BC73AA2CE3C3D70055DB70 /* HKAuthorizing.swift in Sources */,
				C6BC73B12CE4D4390055DB70 /* Array.swift in Sources */,
				C6BC73652CE33BFD0055DB70 /* StepCountPlaylistsApp.swift in Sources */,
				C6BC73AF2CE4C8920055DB70 /* HealthKitManager.swift in Sources */,
				C6BC73A62CE3B8850055DB70 /* RootViewModel.swift in Sources */,
				C6BC73692CE33C310055DB70 /* PlaylistViewModel.swift in Sources */,
			);
			runOnlyForDeploymentPostprocessing = 0;
		};
/* End PBXSourcesBuildPhase section */

/* Begin XCBuildConfiguration section */
		C6BC734C2CE32DB80055DB70 /* Debug */ = {
			isa = XCBuildConfiguration;
			buildSettings = {
				ALWAYS_SEARCH_USER_PATHS = NO;
				ASSETCATALOG_COMPILER_GENERATE_SWIFT_ASSET_SYMBOL_EXTENSIONS = YES;
				CLANG_ANALYZER_NONNULL = YES;
				CLANG_ANALYZER_NUMBER_OBJECT_CONVERSION = YES_AGGRESSIVE;
				CLANG_CXX_LANGUAGE_STANDARD = "gnu++20";
				CLANG_ENABLE_MODULES = YES;
				CLANG_ENABLE_OBJC_ARC = YES;
				CLANG_ENABLE_OBJC_WEAK = YES;
				CLANG_WARN_BLOCK_CAPTURE_AUTORELEASING = YES;
				CLANG_WARN_BOOL_CONVERSION = YES;
				CLANG_WARN_COMMA = YES;
				CLANG_WARN_CONSTANT_CONVERSION = YES;
				CLANG_WARN_DEPRECATED_OBJC_IMPLEMENTATIONS = YES;
				CLANG_WARN_DIRECT_OBJC_ISA_USAGE = YES_ERROR;
				CLANG_WARN_DOCUMENTATION_COMMENTS = YES;
				CLANG_WARN_EMPTY_BODY = YES;
				CLANG_WARN_ENUM_CONVERSION = YES;
				CLANG_WARN_INFINITE_RECURSION = YES;
				CLANG_WARN_INT_CONVERSION = YES;
				CLANG_WARN_NON_LITERAL_NULL_CONVERSION = YES;
				CLANG_WARN_OBJC_IMPLICIT_RETAIN_SELF = YES;
				CLANG_WARN_OBJC_LITERAL_CONVERSION = YES;
				CLANG_WARN_OBJC_ROOT_CLASS = YES_ERROR;
				CLANG_WARN_QUOTED_INCLUDE_IN_FRAMEWORK_HEADER = YES;
				CLANG_WARN_RANGE_LOOP_ANALYSIS = YES;
				CLANG_WARN_STRICT_PROTOTYPES = YES;
				CLANG_WARN_SUSPICIOUS_MOVE = YES;
				CLANG_WARN_UNGUARDED_AVAILABILITY = YES_AGGRESSIVE;
				CLANG_WARN_UNREACHABLE_CODE = YES;
				CLANG_WARN__DUPLICATE_METHOD_MATCH = YES;
				COPY_PHASE_STRIP = NO;
				DEBUG_INFORMATION_FORMAT = dwarf;
				ENABLE_STRICT_OBJC_MSGSEND = YES;
				ENABLE_TESTABILITY = YES;
				ENABLE_USER_SCRIPT_SANDBOXING = YES;
				GCC_C_LANGUAGE_STANDARD = gnu17;
				GCC_DYNAMIC_NO_PIC = NO;
				GCC_NO_COMMON_BLOCKS = YES;
				GCC_OPTIMIZATION_LEVEL = 0;
				GCC_PREPROCESSOR_DEFINITIONS = (
					"DEBUG=1",
					"$(inherited)",
				);
				GCC_WARN_64_TO_32_BIT_CONVERSION = YES;
				GCC_WARN_ABOUT_RETURN_TYPE = YES_ERROR;
				GCC_WARN_UNDECLARED_SELECTOR = YES;
				GCC_WARN_UNINITIALIZED_AUTOS = YES_AGGRESSIVE;
				GCC_WARN_UNUSED_FUNCTION = YES;
				GCC_WARN_UNUSED_VARIABLE = YES;
				IPHONEOS_DEPLOYMENT_TARGET = 18.0;
				LOCALIZATION_PREFERS_STRING_CATALOGS = YES;
				MTL_ENABLE_DEBUG_INFO = INCLUDE_SOURCE;
				MTL_FAST_MATH = YES;
				ONLY_ACTIVE_ARCH = YES;
				SDKROOT = iphoneos;
				SWIFT_ACTIVE_COMPILATION_CONDITIONS = "DEBUG $(inherited)";
				SWIFT_OPTIMIZATION_LEVEL = "-Onone";
			};
			name = Debug;
		};
		C6BC734D2CE32DB80055DB70 /* Release */ = {
			isa = XCBuildConfiguration;
			buildSettings = {
				ALWAYS_SEARCH_USER_PATHS = NO;
				ASSETCATALOG_COMPILER_GENERATE_SWIFT_ASSET_SYMBOL_EXTENSIONS = YES;
				CLANG_ANALYZER_NONNULL = YES;
				CLANG_ANALYZER_NUMBER_OBJECT_CONVERSION = YES_AGGRESSIVE;
				CLANG_CXX_LANGUAGE_STANDARD = "gnu++20";
				CLANG_ENABLE_MODULES = YES;
				CLANG_ENABLE_OBJC_ARC = YES;
				CLANG_ENABLE_OBJC_WEAK = YES;
				CLANG_WARN_BLOCK_CAPTURE_AUTORELEASING = YES;
				CLANG_WARN_BOOL_CONVERSION = YES;
				CLANG_WARN_COMMA = YES;
				CLANG_WARN_CONSTANT_CONVERSION = YES;
				CLANG_WARN_DEPRECATED_OBJC_IMPLEMENTATIONS = YES;
				CLANG_WARN_DIRECT_OBJC_ISA_USAGE = YES_ERROR;
				CLANG_WARN_DOCUMENTATION_COMMENTS = YES;
				CLANG_WARN_EMPTY_BODY = YES;
				CLANG_WARN_ENUM_CONVERSION = YES;
				CLANG_WARN_INFINITE_RECURSION = YES;
				CLANG_WARN_INT_CONVERSION = YES;
				CLANG_WARN_NON_LITERAL_NULL_CONVERSION = YES;
				CLANG_WARN_OBJC_IMPLICIT_RETAIN_SELF = YES;
				CLANG_WARN_OBJC_LITERAL_CONVERSION = YES;
				CLANG_WARN_OBJC_ROOT_CLASS = YES_ERROR;
				CLANG_WARN_QUOTED_INCLUDE_IN_FRAMEWORK_HEADER = YES;
				CLANG_WARN_RANGE_LOOP_ANALYSIS = YES;
				CLANG_WARN_STRICT_PROTOTYPES = YES;
				CLANG_WARN_SUSPICIOUS_MOVE = YES;
				CLANG_WARN_UNGUARDED_AVAILABILITY = YES_AGGRESSIVE;
				CLANG_WARN_UNREACHABLE_CODE = YES;
				CLANG_WARN__DUPLICATE_METHOD_MATCH = YES;
				COPY_PHASE_STRIP = NO;
				DEBUG_INFORMATION_FORMAT = "dwarf-with-dsym";
				ENABLE_NS_ASSERTIONS = NO;
				ENABLE_STRICT_OBJC_MSGSEND = YES;
				ENABLE_USER_SCRIPT_SANDBOXING = YES;
				GCC_C_LANGUAGE_STANDARD = gnu17;
				GCC_NO_COMMON_BLOCKS = YES;
				GCC_WARN_64_TO_32_BIT_CONVERSION = YES;
				GCC_WARN_ABOUT_RETURN_TYPE = YES_ERROR;
				GCC_WARN_UNDECLARED_SELECTOR = YES;
				GCC_WARN_UNINITIALIZED_AUTOS = YES_AGGRESSIVE;
				GCC_WARN_UNUSED_FUNCTION = YES;
				GCC_WARN_UNUSED_VARIABLE = YES;
				IPHONEOS_DEPLOYMENT_TARGET = 18.0;
				LOCALIZATION_PREFERS_STRING_CATALOGS = YES;
				MTL_ENABLE_DEBUG_INFO = NO;
				MTL_FAST_MATH = YES;
				SDKROOT = iphoneos;
				SWIFT_COMPILATION_MODE = wholemodule;
				VALIDATE_PRODUCT = YES;
			};
			name = Release;
		};
		C6BC734F2CE32DB80055DB70 /* Debug */ = {
			isa = XCBuildConfiguration;
			buildSettings = {
				ASSETCATALOG_COMPILER_APPICON_NAME = AppIcon;
				ASSETCATALOG_COMPILER_GLOBAL_ACCENT_COLOR_NAME = AccentColor;
				CODE_SIGN_ENTITLEMENTS = StepCountPlaylists/StepCountPlaylists.entitlements;
				CODE_SIGN_STYLE = Automatic;
				CURRENT_PROJECT_VERSION = 1;
				DEVELOPMENT_ASSET_PATHS = "\"StepCountPlaylists/Resources/Preview Content\"";
				DEVELOPMENT_TEAM = FAYX4DNGDL;
				ENABLE_PREVIEWS = YES;
				GENERATE_INFOPLIST_FILE = YES;
				INFOPLIST_FILE = StepCountPlaylists/Info.plist;
				INFOPLIST_KEY_LSApplicationCategoryType = "public.app-category.healthcare-fitness";
				INFOPLIST_KEY_NSHealthShareUsageDescription = "We need this to get your step count.";
				INFOPLIST_KEY_NSHealthUpdateUsageDescription = "We need this to get your step count.";
				INFOPLIST_KEY_UIApplicationSceneManifest_Generation = YES;
				INFOPLIST_KEY_UIApplicationSupportsIndirectInputEvents = YES;
				INFOPLIST_KEY_UILaunchScreen_Generation = YES;
				INFOPLIST_KEY_UISupportedInterfaceOrientations = UIInterfaceOrientationPortrait;
				IPHONEOS_DEPLOYMENT_TARGET = 16.0;
				LD_RUNPATH_SEARCH_PATHS = (
					"$(inherited)",
					"@executable_path/Frameworks",
				);
				MARKETING_VERSION = 1.0;
				PRODUCT_BUNDLE_IDENTIFIER = com.sharko.StepCountPlaylists;
				PRODUCT_NAME = "$(TARGET_NAME)";
				SUPPORTED_PLATFORMS = "iphoneos iphonesimulator";
				SUPPORTS_MACCATALYST = NO;
				SUPPORTS_MAC_DESIGNED_FOR_IPHONE_IPAD = NO;
				SUPPORTS_XR_DESIGNED_FOR_IPHONE_IPAD = NO;
				SWIFT_EMIT_LOC_STRINGS = YES;
				SWIFT_VERSION = 5.0;
				TARGETED_DEVICE_FAMILY = 1;
			};
			name = Debug;
		};
		C6BC73502CE32DB80055DB70 /* Release */ = {
			isa = XCBuildConfiguration;
			buildSettings = {
				ASSETCATALOG_COMPILER_APPICON_NAME = AppIcon;
				ASSETCATALOG_COMPILER_GLOBAL_ACCENT_COLOR_NAME = AccentColor;
				CODE_SIGN_ENTITLEMENTS = StepCountPlaylists/StepCountPlaylists.entitlements;
				CODE_SIGN_STYLE = Automatic;
				CURRENT_PROJECT_VERSION = 1;
				DEVELOPMENT_ASSET_PATHS = "\"StepCountPlaylists/Resources/Preview Content\"";
				DEVELOPMENT_TEAM = FAYX4DNGDL;
				ENABLE_PREVIEWS = YES;
				GENERATE_INFOPLIST_FILE = YES;
				INFOPLIST_FILE = StepCountPlaylists/Info.plist;
				INFOPLIST_KEY_LSApplicationCategoryType = "public.app-category.healthcare-fitness";
				INFOPLIST_KEY_NSHealthShareUsageDescription = "We need this to get your step count.";
				INFOPLIST_KEY_NSHealthUpdateUsageDescription = "We need this to get your step count.";
				INFOPLIST_KEY_UIApplicationSceneManifest_Generation = YES;
				INFOPLIST_KEY_UIApplicationSupportsIndirectInputEvents = YES;
				INFOPLIST_KEY_UILaunchScreen_Generation = YES;
				INFOPLIST_KEY_UISupportedInterfaceOrientations = UIInterfaceOrientationPortrait;
				IPHONEOS_DEPLOYMENT_TARGET = 16.0;
				LD_RUNPATH_SEARCH_PATHS = (
					"$(inherited)",
					"@executable_path/Frameworks",
				);
				MARKETING_VERSION = 1.0;
				PRODUCT_BUNDLE_IDENTIFIER = com.sharko.StepCountPlaylists;
				PRODUCT_NAME = "$(TARGET_NAME)";
				SUPPORTED_PLATFORMS = "iphoneos iphonesimulator";
				SUPPORTS_MACCATALYST = NO;
				SUPPORTS_MAC_DESIGNED_FOR_IPHONE_IPAD = NO;
				SUPPORTS_XR_DESIGNED_FOR_IPHONE_IPAD = NO;
				SWIFT_EMIT_LOC_STRINGS = YES;
				SWIFT_VERSION = 5.0;
				TARGETED_DEVICE_FAMILY = 1;
			};
			name = Release;
		};
/* End XCBuildConfiguration section */

/* Begin XCConfigurationList section */
		C6BC733B2CE32DB50055DB70 /* Build configuration list for PBXProject "StepCountPlaylists" */ = {
			isa = XCConfigurationList;
			buildConfigurations = (
				C6BC734C2CE32DB80055DB70 /* Debug */,
				C6BC734D2CE32DB80055DB70 /* Release */,
			);
			defaultConfigurationIsVisible = 0;
			defaultConfigurationName = Release;
		};
		C6BC734E2CE32DB80055DB70 /* Build configuration list for PBXNativeTarget "StepCountPlaylists" */ = {
			isa = XCConfigurationList;
			buildConfigurations = (
				C6BC734F2CE32DB80055DB70 /* Debug */,
				C6BC73502CE32DB80055DB70 /* Release */,
			);
			defaultConfigurationIsVisible = 0;
			defaultConfigurationName = Release;
		};
/* End XCConfigurationList section */
	};
	rootObject = C6BC73382CE32DB50055DB70 /* Project object */;
}
